
Microsoft Visual Studio Solution File, Format Version 12.00
# Visual Studio Version 16
VisualStudioVersion = 16.0.29123.88
MinimumVisualStudioVersion = 10.0.40219.1
Project("{FAE04EC0-301F-11D3-BF4B-00C04F79EFBC}") = "UnitTests", "UnitTests.csproj", "{C4337E58-A196-4F26-9A5F-8C271FEB4B6F}"
EndProject
Project("{FAE04EC0-301F-11D3-BF4B-00C04F79EFBC}") = "ActualTests", "..\ActualTests\ActualTests.csproj", "{A477E12B-5439-42ED-A221-376FA553E957}"
EndProject
Global
	GlobalSection(SolutionConfigurationPlatforms) = preSolution
		Debug|Any CPU = Debug|Any CPU
		Release|Any CPU = Release|Any CPU
	EndGlobalSection
	GlobalSection(ProjectConfigurationPlatforms) = postSolution
		{C4337E58-A196-4F26-9A5F-8C271FEB4B6F}.Debug|Any CPU.ActiveCfg = Debug|Any CPU
		{C4337E58-A196-4F26-9A5F-8C271FEB4B6F}.Debug|Any CPU.Build.0 = Debug|Any CPU
		{C4337E58-A196-4F26-9A5F-8C271FEB4B6F}.Release|Any CPU.ActiveCfg = Release|Any CPU
		{C4337E58-A196-4F26-9A5F-8C271FEB4B6F}.Release|Any CPU.Build.0 = Release|Any CPU
		{A477E12B-5439-42ED-A221-376FA553E957}.Debug|Any CPU.ActiveCfg = Debug|Any CPU
		{A477E12B-5439-42ED-A221-376FA553E957}.Debug|Any CPU.Build.0 = Debug|Any CPU
		{A477E12B-5439-42ED-A221-376FA553E957}.Release|Any CPU.ActiveCfg = Release|Any CPU
		{A477E12B-5439-42ED-A221-376FA553E957}.Release|Any CPU.Build.0 = Release|Any CPU
	EndGlobalSection
	GlobalSection(SolutionProperties) = preSolution
		HideSolutionNode = FALSE
	EndGlobalSection
	GlobalSection(ExtensibilityGlobals) = postSolution
		SolutionGuid = {B9612910-CE9F-4C8B-9C38-F12299698277}
	EndGlobalSection
EndGlobal
